
Microsoft Visual Studio Solution File, Format Version 12.00
# Visual Studio Version 17
VisualStudioVersion = 17.13.35931.197
MinimumVisualStudioVersion = 10.0.40219.1
Project("{FAE04EC0-301F-11D3-BF4B-00C04F79EFBC}") = "McpServerDemo", "McpServerDemo\McpServerDemo.csproj", "{9A5A3C67-BD4D-BACC-6435-7F6268EE3CEB}"
EndProject
Project("{FAE04EC0-301F-11D3-BF4B-00C04F79EFBC}") = "McpClientDemo", "McpClientDemo\McpClientDemo.csproj", "{DD3BC723-B415-AB87-AE31-E6F390677CF6}"
EndProject
Project("{FAE04EC0-301F-11D3-BF4B-00C04F79EFBC}") = "WeatherApi", "WeatherApi\WeatherApi.csproj", "{A3906CE0-E2EF-98EE-A96A-75AF48E9F4E1}"
EndProject
Global
	GlobalSection(SolutionConfigurationPlatforms) = preSolution
		Debug|Any CPU = Debug|Any CPU
		Release|Any CPU = Release|Any CPU
	EndGlobalSection
	GlobalSection(ProjectConfigurationPlatforms) = postSolution
		{9A5A3C67-BD4D-BACC-6435-7F6268EE3CEB}.Debug|Any CPU.ActiveCfg = Debug|Any CPU
		{9A5A3C67-BD4D-BACC-6435-7F6268EE3CEB}.Debug|Any CPU.Build.0 = Debug|Any CPU
		{9A5A3C67-BD4D-BACC-6435-7F6268EE3CEB}.Release|Any CPU.ActiveCfg = Release|Any CPU
		{9A5A3C67-BD4D-BACC-6435-7F6268EE3CEB}.Release|Any CPU.Build.0 = Release|Any CPU
		{DD3BC723-B415-AB87-AE31-E6F390677CF6}.Debug|Any CPU.ActiveCfg = Debug|Any CPU
		{DD3BC723-B415-AB87-AE31-E6F390677CF6}.Debug|Any CPU.Build.0 = Debug|Any CPU
		{DD3BC723-B415-AB87-AE31-E6F390677CF6}.Release|Any CPU.ActiveCfg = Release|Any CPU
		{DD3BC723-B415-AB87-AE31-E6F390677CF6}.Release|Any CPU.Build.0 = Release|Any CPU
		{A3906CE0-E2EF-98EE-A96A-75AF48E9F4E1}.Debug|Any CPU.ActiveCfg = Debug|Any CPU
		{A3906CE0-E2EF-98EE-A96A-75AF48E9F4E1}.Debug|Any CPU.Build.0 = Debug|Any CPU
		{A3906CE0-E2EF-98EE-A96A-75AF48E9F4E1}.Release|Any CPU.ActiveCfg = Release|Any CPU
		{A3906CE0-E2EF-98EE-A96A-75AF48E9F4E1}.Release|Any CPU.Build.0 = Release|Any CPU
	EndGlobalSection
	GlobalSection(SolutionProperties) = preSolution
		HideSolutionNode = FALSE
	EndGlobalSection
	GlobalSection(ExtensibilityGlobals) = postSolution
		SolutionGuid = {F4B283C1-6419-4EC9-8549-A75451848AA1}
	EndGlobalSection
EndGlobal
